
Microsoft Visual Studio Solution File, Format Version 12.00
# Visual Studio 15
Project("{FAE04EC0-301F-11D3-BF4B-00C04F79EFBC}") = "Assembly-CSharp", "Assembly-CSharp.csproj", "{62715E33-143D-2274-C3D8-BE850887B295}"
EndProject
Project("{FAE04EC0-301F-11D3-BF4B-00C04F79EFBC}") = "Assembly-CSharp-firstpass", "Assembly-CSharp-firstpass.csproj", "{1B264A50-CF75-8FAA-BA5F-3CAE30C20855}"
EndProject
Project("{FAE04EC0-301F-11D3-BF4B-00C04F79EFBC}") = "Assembly-CSharp-Editor-firstpass", "Assembly-CSharp-Editor-firstpass.csproj", "{9B6E83CD-539F-812E-B5DB-13EDECBAEB71}"
EndProject
Global
	GlobalSection(SolutionConfigurationPlatforms) = preSolution
		Debug|Any CPU = Debug|Any CPU
		Release|Any CPU = Release|Any CPU
	EndGlobalSection
	GlobalSection(ProjectConfigurationPlatforms) = postSolution
		{62715E33-143D-2274-C3D8-BE850887B295}.Debug|Any CPU.ActiveCfg = Debug|Any CPU
		{62715E33-143D-2274-C3D8-BE850887B295}.Debug|Any CPU.Build.0 = Debug|Any CPU
		{62715E33-143D-2274-C3D8-BE850887B295}.Release|Any CPU.ActiveCfg = Release|Any CPU
		{62715E33-143D-2274-C3D8-BE850887B295}.Release|Any CPU.Build.0 = Release|Any CPU
		{1B264A50-CF75-8FAA-BA5F-3CAE30C20855}.Debug|Any CPU.ActiveCfg = Debug|Any CPU
		{1B264A50-CF75-8FAA-BA5F-3CAE30C20855}.Debug|Any CPU.Build.0 = Debug|Any CPU
		{1B264A50-CF75-8FAA-BA5F-3CAE30C20855}.Release|Any CPU.ActiveCfg = Release|Any CPU
		{1B264A50-CF75-8FAA-BA5F-3CAE30C20855}.Release|Any CPU.Build.0 = Release|Any CPU
		{9B6E83CD-539F-812E-B5DB-13EDECBAEB71}.Debug|Any CPU.ActiveCfg = Debug|Any CPU
		{9B6E83CD-539F-812E-B5DB-13EDECBAEB71}.Debug|Any CPU.Build.0 = Debug|Any CPU
		{9B6E83CD-539F-812E-B5DB-13EDECBAEB71}.Release|Any CPU.ActiveCfg = Release|Any CPU
		{9B6E83CD-539F-812E-B5DB-13EDECBAEB71}.Release|Any CPU.Build.0 = Release|Any CPU
	EndGlobalSection
	GlobalSection(SolutionProperties) = preSolution
		HideSolutionNode = FALSE
	EndGlobalSection
EndGlobal
